
Microsoft Visual Studio Solution File, Format Version 12.00
# Visual Studio Version 16
VisualStudioVersion = 16.0.31205.134
MinimumVisualStudioVersion = 10.0.40219.1
Project("{FAE04EC0-301F-11D3-BF4B-00C04F79EFBC}") = "JhomaraZapata_examen.Android", "JhomaraZapata_examen.Android\JhomaraZapata_examen.Android.csproj", "{DDFA7426-211C-4528-A794-116B52F78227}"
EndProject
Project("{FAE04EC0-301F-11D3-BF4B-00C04F79EFBC}") = "JhomaraZapata_examen.iOS", "JhomaraZapata_examen.iOS\JhomaraZapata_examen.iOS.csproj", "{CC4FCF4C-6C9F-40E4-9B4D-A3F7FDFA617C}"
EndProject
Project("{FAE04EC0-301F-11D3-BF4B-00C04F79EFBC}") = "JhomaraZapata_examen", "JhomaraZapata_examen\JhomaraZapata_examen.csproj", "{2ECC2D47-E9FA-4642-ADA5-262056676D29}"
EndProject
Global
	GlobalSection(SolutionConfigurationPlatforms) = preSolution
		Debug|Any CPU = Debug|Any CPU
		Debug|iPhone = Debug|iPhone
		Debug|iPhoneSimulator = Debug|iPhoneSimulator
		Release|Any CPU = Release|Any CPU
		Release|iPhone = Release|iPhone
		Release|iPhoneSimulator = Release|iPhoneSimulator
	EndGlobalSection
	GlobalSection(ProjectConfigurationPlatforms) = postSolution
		{DDFA7426-211C-4528-A794-116B52F78227}.Debug|Any CPU.ActiveCfg = Debug|Any CPU
		{DDFA7426-211C-4528-A794-116B52F78227}.Debug|Any CPU.Build.0 = Debug|Any CPU
		{DDFA7426-211C-4528-A794-116B52F78227}.Debug|Any CPU.Deploy.0 = Debug|Any CPU
		{DDFA7426-211C-4528-A794-116B52F78227}.Debug|iPhone.ActiveCfg = Debug|Any CPU
		{DDFA7426-211C-4528-A794-116B52F78227}.Debug|iPhone.Build.0 = Debug|Any CPU
		{DDFA7426-211C-4528-A794-116B52F78227}.Debug|iPhone.Deploy.0 = Debug|Any CPU
		{DDFA7426-211C-4528-A794-116B52F78227}.Debug|iPhoneSimulator.ActiveCfg = Debug|Any CPU
		{DDFA7426-211C-4528-A794-116B52F78227}.Debug|iPhoneSimulator.Build.0 = Debug|Any CPU
		{DDFA7426-211C-4528-A794-116B52F78227}.Debug|iPhoneSimulator.Deploy.0 = Debug|Any CPU
		{DDFA7426-211C-4528-A794-116B52F78227}.Release|Any CPU.ActiveCfg = Release|Any CPU
		{DDFA7426-211C-4528-A794-116B52F78227}.Release|Any CPU.Build.0 = Release|Any CPU
		{DDFA7426-211C-4528-A794-116B52F78227}.Release|Any CPU.Deploy.0 = Release|Any CPU
		{DDFA7426-211C-4528-A794-116B52F78227}.Release|iPhone.ActiveCfg = Release|Any CPU
		{DDFA7426-211C-4528-A794-116B52F78227}.Release|iPhone.Build.0 = Release|Any CPU
		{DDFA7426-211C-4528-A794-116B52F78227}.Release|iPhone.Deploy.0 = Release|Any CPU
		{DDFA7426-211C-4528-A794-116B52F78227}.Release|iPhoneSimulator.ActiveCfg = Release|Any CPU
		{DDFA7426-211C-4528-A794-116B52F78227}.Release|iPhoneSimulator.Build.0 = Release|Any CPU
		{DDFA7426-211C-4528-A794-116B52F78227}.Release|iPhoneSimulator.Deploy.0 = Release|Any CPU
		{CC4FCF4C-6C9F-40E4-9B4D-A3F7FDFA617C}.Debug|Any CPU.ActiveCfg = Debug|iPhone
		{CC4FCF4C-6C9F-40E4-9B4D-A3F7FDFA617C}.Debug|Any CPU.Build.0 = Debug|iPhone
		{CC4FCF4C-6C9F-40E4-9B4D-A3F7FDFA617C}.Debug|Any CPU.Deploy.0 = Debug|iPhone
		{CC4FCF4C-6C9F-40E4-9B4D-A3F7FDFA617C}.Debug|iPhone.ActiveCfg = Debug|iPhone
		{CC4FCF4C-6C9F-40E4-9B4D-A3F7FDFA617C}.Debug|iPhone.Build.0 = Debug|iPhone
		{CC4FCF4C-6C9F-40E4-9B4D-A3F7FDFA617C}.Debug|iPhone.Deploy.0 = Debug|iPhone
		{CC4FCF4C-6C9F-40E4-9B4D-A3F7FDFA617C}.Debug|iPhoneSimulator.ActiveCfg = Debug|iPhoneSimulator
		{CC4FCF4C-6C9F-40E4-9B4D-A3F7FDFA617C}.Debug|iPhoneSimulator.Build.0 = Debug|iPhoneSimulator
		{CC4FCF4C-6C9F-40E4-9B4D-A3F7FDFA617C}.Debug|iPhoneSimulator.Deploy.0 = Debug|iPhoneSimulator
		{CC4FCF4C-6C9F-40E4-9B4D-A3F7FDFA617C}.Release|Any CPU.ActiveCfg = Release|iPhoneSimulator
		{CC4FCF4C-6C9F-40E4-9B4D-A3F7FDFA617C}.Release|Any CPU.Build.0 = Release|iPhoneSimulator
		{CC4FCF4C-6C9F-40E4-9B4D-A3F7FDFA617C}.Release|Any CPU.Deploy.0 = Release|iPhoneSimulator
		{CC4FCF4C-6C9F-40E4-9B4D-A3F7FDFA617C}.Release|iPhone.ActiveCfg = Release|iPhone
		{CC4FCF4C-6C9F-40E4-9B4D-A3F7FDFA617C}.Release|iPhone.Build.0 = Release|iPhone
		{CC4FCF4C-6C9F-40E4-9B4D-A3F7FDFA617C}.Release|iPhone.Deploy.0 = Release|iPhone
		{CC4FCF4C-6C9F-40E4-9B4D-A3F7FDFA617C}.Release|iPhoneSimulator.ActiveCfg = Release|iPhoneSimulator
		{CC4FCF4C-6C9F-40E4-9B4D-A3F7FDFA617C}.Release|iPhoneSimulator.Build.0 = Release|iPhoneSimulator
		{CC4FCF4C-6C9F-40E4-9B4D-A3F7FDFA617C}.Release|iPhoneSimulator.Deploy.0 = Release|iPhoneSimulator
		{2ECC2D47-E9FA-4642-ADA5-262056676D29}.Debug|Any CPU.ActiveCfg = Debug|Any CPU
		{2ECC2D47-E9FA-4642-ADA5-262056676D29}.Debug|Any CPU.Build.0 = Debug|Any CPU
		{2ECC2D47-E9FA-4642-ADA5-262056676D29}.Debug|Any CPU.Deploy.0 = Debug|Any CPU
		{2ECC2D47-E9FA-4642-ADA5-262056676D29}.Debug|iPhone.ActiveCfg = Debug|Any CPU
		{2ECC2D47-E9FA-4642-ADA5-262056676D29}.Debug|iPhone.Build.0 = Debug|Any CPU
		{2ECC2D47-E9FA-4642-ADA5-262056676D29}.Debug|iPhone.Deploy.0 = Debug|Any CPU
		{2ECC2D47-E9FA-4642-ADA5-262056676D29}.Debug|iPhoneSimulator.ActiveCfg = Debug|Any CPU
		{2ECC2D47-E9FA-4642-ADA5-262056676D29}.Debug|iPhoneSimulator.Build.0 = Debug|Any CPU
		{2ECC2D47-E9FA-4642-ADA5-262056676D29}.Debug|iPhoneSimulator.Deploy.0 = Debug|Any CPU
		{2ECC2D47-E9FA-4642-ADA5-262056676D29}.Release|Any CPU.ActiveCfg = Release|Any CPU
		{2ECC2D47-E9FA-4642-ADA5-262056676D29}.Release|Any CPU.Build.0 = Release|Any CPU
		{2ECC2D47-E9FA-4642-ADA5-262056676D29}.Release|Any CPU.Deploy.0 = Release|Any CPU
		{2ECC2D47-E9FA-4642-ADA5-262056676D29}.Release|iPhone.ActiveCfg = Release|Any CPU
		{2ECC2D47-E9FA-4642-ADA5-262056676D29}.Release|iPhone.Build.0 = Release|Any CPU
		{2ECC2D47-E9FA-4642-ADA5-262056676D29}.Release|iPhone.Deploy.0 = Release|Any CPU
		{2ECC2D47-E9FA-4642-ADA5-262056676D29}.Release|iPhoneSimulator.ActiveCfg = Release|Any CPU
		{2ECC2D47-E9FA-4642-ADA5-262056676D29}.Release|iPhoneSimulator.Build.0 = Release|Any CPU
		{2ECC2D47-E9FA-4642-ADA5-262056676D29}.Release|iPhoneSimulator.Deploy.0 = Release|Any CPU
	EndGlobalSection
	GlobalSection(SolutionProperties) = preSolution
		HideSolutionNode = FALSE
	EndGlobalSection
	GlobalSection(ExtensibilityGlobals) = postSolution
		SolutionGuid = {2ECA661D-983D-4154-BCB4-3F6C7C06267F}
	EndGlobalSection
EndGlobal
